{
  "name": "yy-cloc",
  "version": "1.0.0",
  "lockfileVersion": 3,
  "requires": true,
  "packages": {
    "": {
      "name": "yy-cloc",
      "version": "1.0.0",
      "license": "ISC",
      "dependencies": {
        "ignore": "^6.0.2"
      },
      "bin": {
        "cloc": "cli.js"
      }
    },
    "node_modules/ignore": {
      "version": "6.0.2",
      "resolved": "https://registry.npmjs.org/ignore/-/ignore-6.0.2.tgz",
      "integrity": "sha512-InwqeHHN2XpumIkMvpl/DCJVrAHgCsG5+cn1XlnLWGwtZBm8QJfSusItfrwx81CTp5agNZqpKU2J/ccC5nGT4A==",
      "license": "MIT",
      "engines": {
        "node": ">= 4"
      }
    }
  }
}
